<Solution>
  <Folder Name="/src/">
    <Project Path="src/EF.Bulk.PostgreSQL/EF.Bulk.PostgreSQL.csproj" />
    <Project Path="src/EF.Bulk.SqlServer/EF.Bulk.SqlServer.csproj" />
    <Project Path="src/EF.Bulk/EF.Bulk.csproj" />
  </Folder>
  <Folder Name="/tests/">
    <Project Path="tests/EF.Bulk.Benchmarks/EF.Bulk.Benchmarks.csproj" />
    <Project Path="tests/EF.Bulk.Equivalence/EF.Bulk.Equivalence.csproj" />
    <Project Path="tests/EF.Bulk.Tests/EF.Bulk.Tests.csproj" />
  </Folder>
</Solution>
